// !$*UTF8*$!
{
	archiveVersion = 1;
	classes = {
	};
	objectVersion = 50;
	objects = {

/* Begin PBXBuildFile section */
		233956AE2558970400231085 /* AviaTalesError.swift in Sources */ = {isa = PBXBuildFile; fileRef = 233956AD2558970400231085 /* AviaTalesError.swift */; };
		233956B22558AA6E00231085 /* DescriptionLabel.swift in Sources */ = {isa = PBXBuildFile; fileRef = 233956B12558AA6E00231085 /* DescriptionLabel.swift */; };
		233956B62558B0EF00231085 /* UIImage+Extensions.swift in Sources */ = {isa = PBXBuildFile; fileRef = 233956B52558B0EF00231085 /* UIImage+Extensions.swift */; };
		233956BC2558B6E800231085 /* UrlFactory.swift in Sources */ = {isa = PBXBuildFile; fileRef = 233956BB2558B6E800231085 /* UrlFactory.swift */; };
		2359951F2556097900EF946B /* DestinationPickerViewController.swift in Sources */ = {isa = PBXBuildFile; fileRef = 2359951E2556097900EF946B /* DestinationPickerViewController.swift */; };
		23599527255615EF00EF946B /* NetworkService.swift in Sources */ = {isa = PBXBuildFile; fileRef = 23599526255615EF00EF946B /* NetworkService.swift */; };
		2359952D25561F0A00EF946B /* String+Extensions.swift in Sources */ = {isa = PBXBuildFile; fileRef = 2359952C25561F0A00EF946B /* String+Extensions.swift */; };
		2359954A255623B900EF946B /* CGFloat+Extensions.swift in Sources */ = {isa = PBXBuildFile; fileRef = 23599549255623B900EF946B /* CGFloat+Extensions.swift */; };
		23599554255629A800EF946B /* MapViewController.swift in Sources */ = {isa = PBXBuildFile; fileRef = 23599553255629A800EF946B /* MapViewController.swift */; };
		2359955A255629FC00EF946B /* BaseViewController.swift in Sources */ = {isa = PBXBuildFile; fileRef = 23599559255629FC00EF946B /* BaseViewController.swift */; };
		2359957525574A1D00EF946B /* Presentable.swift in Sources */ = {isa = PBXBuildFile; fileRef = 2359957425574A1D00EF946B /* Presentable.swift */; };
		2359959325574D7000EF946B /* ParameterClosure.swift in Sources */ = {isa = PBXBuildFile; fileRef = 2359959225574D7000EF946B /* ParameterClosure.swift */; };
		2359959725574E3300EF946B /* ModuleFactory.swift in Sources */ = {isa = PBXBuildFile; fileRef = 2359959625574E3300EF946B /* ModuleFactory.swift */; };
		235995A42557528500EF946B /* BorderedButton.swift in Sources */ = {isa = PBXBuildFile; fileRef = 235995A32557528500EF946B /* BorderedButton.swift */; };
		235995CA2557658600EF946B /* Location.swift in Sources */ = {isa = PBXBuildFile; fileRef = 235995C92557658600EF946B /* Location.swift */; };
		235995CE2557659F00EF946B /* AirportModel.swift in Sources */ = {isa = PBXBuildFile; fileRef = 235995CD2557659F00EF946B /* AirportModel.swift */; };
		235995DA2557883E00EF946B /* AirportAnnotation.swift in Sources */ = {isa = PBXBuildFile; fileRef = 235995D92557883E00EF946B /* AirportAnnotation.swift */; };
		235995DE255796E400EF946B /* AirportMarkerView.swift in Sources */ = {isa = PBXBuildFile; fileRef = 235995DD255796E400EF946B /* AirportMarkerView.swift */; };
		235995E425584F1000EF946B /* MapViewModel.swift in Sources */ = {isa = PBXBuildFile; fileRef = 235995E325584F1000EF946B /* MapViewModel.swift */; };
		235995F125584F4500EF946B /* DestinationPickerViewModel.swift in Sources */ = {isa = PBXBuildFile; fileRef = 235995F025584F4500EF946B /* DestinationPickerViewModel.swift */; };
		235995FC2558738B00EF946B /* BorderedTextField.swift in Sources */ = {isa = PBXBuildFile; fileRef = 235995FB2558738B00EF946B /* BorderedTextField.swift */; };
		23BED2812555FC4D0072AC38 /* AppDelegate.swift in Sources */ = {isa = PBXBuildFile; fileRef = 23BED2802555FC4D0072AC38 /* AppDelegate.swift */; };
		23BED2852555FC4D0072AC38 /* ApplicationCoordinator.swift in Sources */ = {isa = PBXBuildFile; fileRef = 23BED2842555FC4D0072AC38 /* ApplicationCoordinator.swift */; };
		23BED28A2555FC520072AC38 /* Assets.xcassets in Resources */ = {isa = PBXBuildFile; fileRef = 23BED2892555FC520072AC38 /* Assets.xcassets */; };
		23BED28D2555FC520072AC38 /* LaunchScreen.storyboard in Resources */ = {isa = PBXBuildFile; fileRef = 23BED28B2555FC520072AC38 /* LaunchScreen.storyboard */; };
		23BED2982555FC520072AC38 /* AviaTalesTests.swift in Sources */ = {isa = PBXBuildFile; fileRef = 23BED2972555FC520072AC38 /* AviaTalesTests.swift */; };
/* End PBXBuildFile section */

/* Begin PBXContainerItemProxy section */
		23BED2942555FC520072AC38 /* PBXContainerItemProxy */ = {
			isa = PBXContainerItemProxy;
			containerPortal = 23BED2752555FC4D0072AC38 /* Project object */;
			proxyType = 1;
			remoteGlobalIDString = 23BED27C2555FC4D0072AC38;
			remoteInfo = AviaTales;
		};
/* End PBXContainerItemProxy section */

/* Begin PBXFileReference section */
		233956AD2558970400231085 /* AviaTalesError.swift */ = {isa = PBXFileReference; lastKnownFileType = sourcecode.swift; path = AviaTalesError.swift; sourceTree = "<group>"; };
		233956B12558AA6E00231085 /* DescriptionLabel.swift */ = {isa = PBXFileReference; lastKnownFileType = sourcecode.swift; path = DescriptionLabel.swift; sourceTree = "<group>"; };
		233956B52558B0EF00231085 /* UIImage+Extensions.swift */ = {isa = PBXFileReference; lastKnownFileType = sourcecode.swift; path = "UIImage+Extensions.swift"; sourceTree = "<group>"; };
		233956BB2558B6E800231085 /* UrlFactory.swift */ = {isa = PBXFileReference; lastKnownFileType = sourcecode.swift; path = UrlFactory.swift; sourceTree = "<group>"; };
		2359951E2556097900EF946B /* DestinationPickerViewController.swift */ = {isa = PBXFileReference; lastKnownFileType = sourcecode.swift; path = DestinationPickerViewController.swift; sourceTree = "<group>"; };
		23599526255615EF00EF946B /* NetworkService.swift */ = {isa = PBXFileReference; lastKnownFileType = sourcecode.swift; path = NetworkService.swift; sourceTree = "<group>"; };
		2359952C25561F0A00EF946B /* String+Extensions.swift */ = {isa = PBXFileReference; lastKnownFileType = sourcecode.swift; path = "String+Extensions.swift"; sourceTree = "<group>"; };
		23599549255623B900EF946B /* CGFloat+Extensions.swift */ = {isa = PBXFileReference; lastKnownFileType = sourcecode.swift; path = "CGFloat+Extensions.swift"; sourceTree = "<group>"; };
		23599553255629A800EF946B /* MapViewController.swift */ = {isa = PBXFileReference; lastKnownFileType = sourcecode.swift; path = MapViewController.swift; sourceTree = "<group>"; };
		23599559255629FC00EF946B /* BaseViewController.swift */ = {isa = PBXFileReference; lastKnownFileType = sourcecode.swift; path = BaseViewController.swift; sourceTree = "<group>"; };
		2359957425574A1D00EF946B /* Presentable.swift */ = {isa = PBXFileReference; lastKnownFileType = sourcecode.swift; path = Presentable.swift; sourceTree = "<group>"; };
		2359959225574D7000EF946B /* ParameterClosure.swift */ = {isa = PBXFileReference; lastKnownFileType = sourcecode.swift; path = ParameterClosure.swift; sourceTree = "<group>"; };
		2359959625574E3300EF946B /* ModuleFactory.swift */ = {isa = PBXFileReference; lastKnownFileType = sourcecode.swift; path = ModuleFactory.swift; sourceTree = "<group>"; };
		235995A32557528500EF946B /* BorderedButton.swift */ = {isa = PBXFileReference; lastKnownFileType = sourcecode.swift; path = BorderedButton.swift; sourceTree = "<group>"; };
		235995C92557658600EF946B /* Location.swift */ = {isa = PBXFileReference; lastKnownFileType = sourcecode.swift; path = Location.swift; sourceTree = "<group>"; };
		235995CD2557659F00EF946B /* AirportModel.swift */ = {isa = PBXFileReference; lastKnownFileType = sourcecode.swift; path = AirportModel.swift; sourceTree = "<group>"; };
		235995D92557883E00EF946B /* AirportAnnotation.swift */ = {isa = PBXFileReference; lastKnownFileType = sourcecode.swift; path = AirportAnnotation.swift; sourceTree = "<group>"; };
		235995DD255796E400EF946B /* AirportMarkerView.swift */ = {isa = PBXFileReference; lastKnownFileType = sourcecode.swift; path = AirportMarkerView.swift; sourceTree = "<group>"; };
		235995E325584F1000EF946B /* MapViewModel.swift */ = {isa = PBXFileReference; lastKnownFileType = sourcecode.swift; path = MapViewModel.swift; sourceTree = "<group>"; };
		235995F025584F4500EF946B /* DestinationPickerViewModel.swift */ = {isa = PBXFileReference; lastKnownFileType = sourcecode.swift; path = DestinationPickerViewModel.swift; sourceTree = "<group>"; };
		235995FB2558738B00EF946B /* BorderedTextField.swift */ = {isa = PBXFileReference; lastKnownFileType = sourcecode.swift; path = BorderedTextField.swift; sourceTree = "<group>"; };
		23BED27D2555FC4D0072AC38 /* AviaTales.app */ = {isa = PBXFileReference; explicitFileType = wrapper.application; includeInIndex = 0; path = AviaTales.app; sourceTree = BUILT_PRODUCTS_DIR; };
		23BED2802555FC4D0072AC38 /* AppDelegate.swift */ = {isa = PBXFileReference; lastKnownFileType = sourcecode.swift; path = AppDelegate.swift; sourceTree = "<group>"; };
		23BED2842555FC4D0072AC38 /* ApplicationCoordinator.swift */ = {isa = PBXFileReference; lastKnownFileType = sourcecode.swift; path = ApplicationCoordinator.swift; sourceTree = "<group>"; };
		23BED2892555FC520072AC38 /* Assets.xcassets */ = {isa = PBXFileReference; lastKnownFileType = folder.assetcatalog; path = Assets.xcassets; sourceTree = "<group>"; };
		23BED28C2555FC520072AC38 /* Base */ = {isa = PBXFileReference; lastKnownFileType = file.storyboard; name = Base; path = Base.lproj/LaunchScreen.storyboard; sourceTree = "<group>"; };
		23BED28E2555FC520072AC38 /* Info.plist */ = {isa = PBXFileReference; lastKnownFileType = text.plist.xml; path = Info.plist; sourceTree = "<group>"; };
		23BED2932555FC520072AC38 /* AviaTalesTests.xctest */ = {isa = PBXFileReference; explicitFileType = wrapper.cfbundle; includeInIndex = 0; path = AviaTalesTests.xctest; sourceTree = BUILT_PRODUCTS_DIR; };
		23BED2972555FC520072AC38 /* AviaTalesTests.swift */ = {isa = PBXFileReference; lastKnownFileType = sourcecode.swift; path = AviaTalesTests.swift; sourceTree = "<group>"; };
		23BED2992555FC520072AC38 /* Info.plist */ = {isa = PBXFileReference; lastKnownFileType = text.plist.xml; path = Info.plist; sourceTree = "<group>"; };
/* End PBXFileReference section */

/* Begin PBXFrameworksBuildPhase section */
		23BED27A2555FC4D0072AC38 /* Frameworks */ = {
			isa = PBXFrameworksBuildPhase;
			buildActionMask = 2147483647;
			files = (
			);
			runOnlyForDeploymentPostprocessing = 0;
		};
		23BED2902555FC520072AC38 /* Frameworks */ = {
			isa = PBXFrameworksBuildPhase;
			buildActionMask = 2147483647;
			files = (
			);
			runOnlyForDeploymentPostprocessing = 0;
		};
/* End PBXFrameworksBuildPhase section */

/* Begin PBXGroup section */
		233956BF2558B87200231085 /* ApplicationLayer */ = {
			isa = PBXGroup;
			children = (
				23BED2802555FC4D0072AC38 /* AppDelegate.swift */,
			);
			path = ApplicationLayer;
			sourceTree = "<group>";
		};
		235995682557490300EF946B /* Extensions */ = {
			isa = PBXGroup;
			children = (
				2359952C25561F0A00EF946B /* String+Extensions.swift */,
				23599549255623B900EF946B /* CGFloat+Extensions.swift */,
				233956B52558B0EF00231085 /* UIImage+Extensions.swift */,
			);
			path = Extensions;
			sourceTree = "<group>";
		};
		23599571255749E600EF946B /* Coordinators */ = {
			isa = PBXGroup;
			children = (
				23BED2842555FC4D0072AC38 /* ApplicationCoordinator.swift */,
				2359957425574A1D00EF946B /* Presentable.swift */,
				2359959625574E3300EF946B /* ModuleFactory.swift */,
			);
			path = Coordinators;
			sourceTree = "<group>";
		};
		2359958C25574CDD00EF946B /* Controllers */ = {
			isa = PBXGroup;
			children = (
				235995B1255759F100EF946B /* Base */,
				235995AE255759E900EF946B /* DestinationPicker */,
				235995B4255759F800EF946B /* Map */,
			);
			path = Controllers;
			sourceTree = "<group>";
		};
		2359958F25574D0600EF946B /* Networking */ = {
			isa = PBXGroup;
			children = (
				23599526255615EF00EF946B /* NetworkService.swift */,
				233956BB2558B6E800231085 /* UrlFactory.swift */,
			);
			path = Networking;
			sourceTree = "<group>";
		};
		235995A72557528F00EF946B /* Views */ = {
			isa = PBXGroup;
			children = (
				233956B12558AA6E00231085 /* DescriptionLabel.swift */,
				235995FB2558738B00EF946B /* BorderedTextField.swift */,
				235995A32557528500EF946B /* BorderedButton.swift */,
				235995DD255796E400EF946B /* AirportMarkerView.swift */,
			);
			path = Views;
			sourceTree = "<group>";
		};
		235995AE255759E900EF946B /* DestinationPicker */ = {
			isa = PBXGroup;
			children = (
				235995ED25584F2600EF946B /* View */,
				235995F425584F4A00EF946B /* ViewModel */,
			);
			path = DestinationPicker;
			sourceTree = "<group>";
		};
		235995B1255759F100EF946B /* Base */ = {
			isa = PBXGroup;
			children = (
				23599559255629FC00EF946B /* BaseViewController.swift */,
			);
			path = Base;
			sourceTree = "<group>";
		};
		235995B4255759F800EF946B /* Map */ = {
			isa = PBXGroup;
			children = (
				235995E725584F1800EF946B /* View */,
				235995EA25584F1E00EF946B /* ViewModel */,
			);
			path = Map;
			sourceTree = "<group>";
		};
		235995D1255765AF00EF946B /* Models */ = {
			isa = PBXGroup;
			children = (
				235995D92557883E00EF946B /* AirportAnnotation.swift */,
				235995CD2557659F00EF946B /* AirportModel.swift */,
				235995C92557658600EF946B /* Location.swift */,
			);
			path = Models;
			sourceTree = "<group>";
		};
		235995D6255783A200EF946B /* Helpers */ = {
			isa = PBXGroup;
			children = (
				2359959225574D7000EF946B /* ParameterClosure.swift */,
				233956AD2558970400231085 /* AviaTalesError.swift */,
			);
			path = Helpers;
			sourceTree = "<group>";
		};
		235995E725584F1800EF946B /* View */ = {
			isa = PBXGroup;
			children = (
				23599553255629A800EF946B /* MapViewController.swift */,
			);
			path = View;
			sourceTree = "<group>";
		};
		235995EA25584F1E00EF946B /* ViewModel */ = {
			isa = PBXGroup;
			children = (
				235995E325584F1000EF946B /* MapViewModel.swift */,
			);
			path = ViewModel;
			sourceTree = "<group>";
		};
		235995ED25584F2600EF946B /* View */ = {
			isa = PBXGroup;
			children = (
				2359951E2556097900EF946B /* DestinationPickerViewController.swift */,
			);
			path = View;
			sourceTree = "<group>";
		};
		235995F425584F4A00EF946B /* ViewModel */ = {
			isa = PBXGroup;
			children = (
				235995F025584F4500EF946B /* DestinationPickerViewModel.swift */,
			);
			path = ViewModel;
			sourceTree = "<group>";
		};
		23BED2742555FC4D0072AC38 = {
			isa = PBXGroup;
			children = (
				23BED27F2555FC4D0072AC38 /* AviaTales */,
				23BED2962555FC520072AC38 /* AviaTalesTests */,
				23BED27E2555FC4D0072AC38 /* Products */,
			);
			sourceTree = "<group>";
		};
		23BED27E2555FC4D0072AC38 /* Products */ = {
			isa = PBXGroup;
			children = (
				23BED27D2555FC4D0072AC38 /* AviaTales.app */,
				23BED2932555FC520072AC38 /* AviaTalesTests.xctest */,
			);
			name = Products;
			sourceTree = "<group>";
		};
		23BED27F2555FC4D0072AC38 /* AviaTales */ = {
			isa = PBXGroup;
			children = (
				233956BF2558B87200231085 /* ApplicationLayer */,
				2359958F25574D0600EF946B /* Networking */,
				23599571255749E600EF946B /* Coordinators */,
				2359958C25574CDD00EF946B /* Controllers */,
				235995A72557528F00EF946B /* Views */,
				235995D1255765AF00EF946B /* Models */,
				235995682557490300EF946B /* Extensions */,
				235995D6255783A200EF946B /* Helpers */,
				23BED2892555FC520072AC38 /* Assets.xcassets */,
				23BED28B2555FC520072AC38 /* LaunchScreen.storyboard */,
				23BED28E2555FC520072AC38 /* Info.plist */,
			);
			path = AviaTales;
			sourceTree = "<group>";
		};
		23BED2962555FC520072AC38 /* AviaTalesTests */ = {
			isa = PBXGroup;
			children = (
				23BED2972555FC520072AC38 /* AviaTalesTests.swift */,
				23BED2992555FC520072AC38 /* Info.plist */,
			);
			path = AviaTalesTests;
			sourceTree = "<group>";
		};
/* End PBXGroup section */

/* Begin PBXNativeTarget section */
		23BED27C2555FC4D0072AC38 /* AviaTales */ = {
			isa = PBXNativeTarget;
			buildConfigurationList = 23BED29C2555FC520072AC38 /* Build configuration list for PBXNativeTarget "AviaTales" */;
			buildPhases = (
				23BED2792555FC4D0072AC38 /* Sources */,
				23BED27A2555FC4D0072AC38 /* Frameworks */,
				23BED27B2555FC4D0072AC38 /* Resources */,
			);
			buildRules = (
			);
			dependencies = (
			);
			name = AviaTales;
			productName = AviaTales;
			productReference = 23BED27D2555FC4D0072AC38 /* AviaTales.app */;
			productType = "com.apple.product-type.application";
		};
		23BED2922555FC520072AC38 /* AviaTalesTests */ = {
			isa = PBXNativeTarget;
			buildConfigurationList = 23BED29F2555FC520072AC38 /* Build configuration list for PBXNativeTarget "AviaTalesTests" */;
			buildPhases = (
				23BED28F2555FC520072AC38 /* Sources */,
				23BED2902555FC520072AC38 /* Frameworks */,
				23BED2912555FC520072AC38 /* Resources */,
			);
			buildRules = (
			);
			dependencies = (
				23BED2952555FC520072AC38 /* PBXTargetDependency */,
			);
			name = AviaTalesTests;
			productName = AviaTalesTests;
			productReference = 23BED2932555FC520072AC38 /* AviaTalesTests.xctest */;
			productType = "com.apple.product-type.bundle.unit-test";
		};
/* End PBXNativeTarget section */

/* Begin PBXProject section */
		23BED2752555FC4D0072AC38 /* Project object */ = {
			isa = PBXProject;
			attributes = {
				LastSwiftUpdateCheck = 1140;
				LastUpgradeCheck = 1140;
				ORGANIZATIONNAME = "Ekaterina Ryzhova";
				TargetAttributes = {
					23BED27C2555FC4D0072AC38 = {
						CreatedOnToolsVersion = 11.4.1;
					};
					23BED2922555FC520072AC38 = {
						CreatedOnToolsVersion = 11.4.1;
						TestTargetID = 23BED27C2555FC4D0072AC38;
					};
				};
			};
			buildConfigurationList = 23BED2782555FC4D0072AC38 /* Build configuration list for PBXProject "AviaTales" */;
			compatibilityVersion = "Xcode 9.3";
			developmentRegion = en;
			hasScannedForEncodings = 0;
			knownRegions = (
				en,
				Base,
			);
			mainGroup = 23BED2742555FC4D0072AC38;
			productRefGroup = 23BED27E2555FC4D0072AC38 /* Products */;
			projectDirPath = "";
			projectRoot = "";
			targets = (
				23BED27C2555FC4D0072AC38 /* AviaTales */,
				23BED2922555FC520072AC38 /* AviaTalesTests */,
			);
		};
/* End PBXProject section */

/* Begin PBXResourcesBuildPhase section */
		23BED27B2555FC4D0072AC38 /* Resources */ = {
			isa = PBXResourcesBuildPhase;
			buildActionMask = 2147483647;
			files = (
				23BED28D2555FC520072AC38 /* LaunchScreen.storyboard in Resources */,
				23BED28A2555FC520072AC38 /* Assets.xcassets in Resources */,
			);
			runOnlyForDeploymentPostprocessing = 0;
		};
		23BED2912555FC520072AC38 /* Resources */ = {
			isa = PBXResourcesBuildPhase;
			buildActionMask = 2147483647;
			files = (
			);
			runOnlyForDeploymentPostprocessing = 0;
		};
/* End PBXResourcesBuildPhase section */

/* Begin PBXSourcesBuildPhase section */
		23BED2792555FC4D0072AC38 /* Sources */ = {
			isa = PBXSourcesBuildPhase;
			buildActionMask = 2147483647;
			files = (
				2359952D25561F0A00EF946B /* String+Extensions.swift in Sources */,
				235995CA2557658600EF946B /* Location.swift in Sources */,
				2359951F2556097900EF946B /* DestinationPickerViewController.swift in Sources */,
				235995CE2557659F00EF946B /* AirportModel.swift in Sources */,
				23BED2852555FC4D0072AC38 /* ApplicationCoordinator.swift in Sources */,
				23599527255615EF00EF946B /* NetworkService.swift in Sources */,
				2359954A255623B900EF946B /* CGFloat+Extensions.swift in Sources */,
				235995DA2557883E00EF946B /* AirportAnnotation.swift in Sources */,
				2359955A255629FC00EF946B /* BaseViewController.swift in Sources */,
				233956B22558AA6E00231085 /* DescriptionLabel.swift in Sources */,
				235995E425584F1000EF946B /* MapViewModel.swift in Sources */,
				235995A42557528500EF946B /* BorderedButton.swift in Sources */,
				233956BC2558B6E800231085 /* UrlFactory.swift in Sources */,
				235995DE255796E400EF946B /* AirportMarkerView.swift in Sources */,
				2359959725574E3300EF946B /* ModuleFactory.swift in Sources */,
				23BED2812555FC4D0072AC38 /* AppDelegate.swift in Sources */,
				233956B62558B0EF00231085 /* UIImage+Extensions.swift in Sources */,
				2359957525574A1D00EF946B /* Presentable.swift in Sources */,
				233956AE2558970400231085 /* AviaTalesError.swift in Sources */,
				235995FC2558738B00EF946B /* BorderedTextField.swift in Sources */,
				2359959325574D7000EF946B /* ParameterClosure.swift in Sources */,
				235995F125584F4500EF946B /* DestinationPickerViewModel.swift in Sources */,
				23599554255629A800EF946B /* MapViewController.swift in Sources */,
			);
			runOnlyForDeploymentPostprocessing = 0;
		};
		23BED28F2555FC520072AC38 /* Sources */ = {
			isa = PBXSourcesBuildPhase;
			buildActionMask = 2147483647;
			files = (
				23BED2982555FC520072AC38 /* AviaTalesTests.swift in Sources */,
			);
			runOnlyForDeploymentPostprocessing = 0;
		};
/* End PBXSourcesBuildPhase section */

/* Begin PBXTargetDependency section */
		23BED2952555FC520072AC38 /* PBXTargetDependency */ = {
			isa = PBXTargetDependency;
			target = 23BED27C2555FC4D0072AC38 /* AviaTales */;
			targetProxy = 23BED2942555FC520072AC38 /* PBXContainerItemProxy */;
		};
/* End PBXTargetDependency section */

/* Begin PBXVariantGroup section */
		23BED28B2555FC520072AC38 /* LaunchScreen.storyboard */ = {
			isa = PBXVariantGroup;
			children = (
				23BED28C2555FC520072AC38 /* Base */,
			);
			name = LaunchScreen.storyboard;
			sourceTree = "<group>";
		};
/* End PBXVariantGroup section */

/* Begin XCBuildConfiguration section */
		23BED29A2555FC520072AC38 /* Debug */ = {
			isa = XCBuildConfiguration;
			buildSettings = {
				ALWAYS_SEARCH_USER_PATHS = NO;
				CLANG_ANALYZER_NONNULL = YES;
				CLANG_ANALYZER_NUMBER_OBJECT_CONVERSION = YES_AGGRESSIVE;
				CLANG_CXX_LANGUAGE_STANDARD = "gnu++14";
				CLANG_CXX_LIBRARY = "libc++";
				CLANG_ENABLE_MODULES = YES;
				CLANG_ENABLE_OBJC_ARC = YES;
				CLANG_ENABLE_OBJC_WEAK = YES;
				CLANG_WARN_BLOCK_CAPTURE_AUTORELEASING = YES;
				CLANG_WARN_BOOL_CONVERSION = YES;
				CLANG_WARN_COMMA = YES;
				CLANG_WARN_CONSTANT_CONVERSION = YES;
				CLANG_WARN_DEPRECATED_OBJC_IMPLEMENTATIONS = YES;
				CLANG_WARN_DIRECT_OBJC_ISA_USAGE = YES_ERROR;
				CLANG_WARN_DOCUMENTATION_COMMENTS = YES;
				CLANG_WARN_EMPTY_BODY = YES;
				CLANG_WARN_ENUM_CONVERSION = YES;
				CLANG_WARN_INFINITE_RECURSION = YES;
				CLANG_WARN_INT_CONVERSION = YES;
				CLANG_WARN_NON_LITERAL_NULL_CONVERSION = YES;
				CLANG_WARN_OBJC_IMPLICIT_RETAIN_SELF = YES;
				CLANG_WARN_OBJC_LITERAL_CONVERSION = YES;
				CLANG_WARN_OBJC_ROOT_CLASS = YES_ERROR;
				CLANG_WARN_RANGE_LOOP_ANALYSIS = YES;
				CLANG_WARN_STRICT_PROTOTYPES = YES;
				CLANG_WARN_SUSPICIOUS_MOVE = YES;
				CLANG_WARN_UNGUARDED_AVAILABILITY = YES_AGGRESSIVE;
				CLANG_WARN_UNREACHABLE_CODE = YES;
				CLANG_WARN__DUPLICATE_METHOD_MATCH = YES;
				COPY_PHASE_STRIP = NO;
				DEBUG_INFORMATION_FORMAT = dwarf;
				ENABLE_STRICT_OBJC_MSGSEND = YES;
				ENABLE_TESTABILITY = YES;
				GCC_C_LANGUAGE_STANDARD = gnu11;
				GCC_DYNAMIC_NO_PIC = NO;
				GCC_NO_COMMON_BLOCKS = YES;
				GCC_OPTIMIZATION_LEVEL = 0;
				GCC_PREPROCESSOR_DEFINITIONS = (
					"DEBUG=1",
					"$(inherited)",
				);
				GCC_WARN_64_TO_32_BIT_CONVERSION = YES;
				GCC_WARN_ABOUT_RETURN_TYPE = YES_ERROR;
				GCC_WARN_UNDECLARED_SELECTOR = YES;
				GCC_WARN_UNINITIALIZED_AUTOS = YES_AGGRESSIVE;
				GCC_WARN_UNUSED_FUNCTION = YES;
				GCC_WARN_UNUSED_VARIABLE = YES;
				IPHONEOS_DEPLOYMENT_TARGET = 12.0;
				MTL_ENABLE_DEBUG_INFO = INCLUDE_SOURCE;
				MTL_FAST_MATH = YES;
				ONLY_ACTIVE_ARCH = YES;
				SDKROOT = iphoneos;
				SWIFT_ACTIVE_COMPILATION_CONDITIONS = DEBUG;
				SWIFT_OPTIMIZATION_LEVEL = "-Onone";
			};
			name = Debug;
		};
		23BED29B2555FC520072AC38 /* Release */ = {
			isa = XCBuildConfiguration;
			buildSettings = {
				ALWAYS_SEARCH_USER_PATHS = NO;
				CLANG_ANALYZER_NONNULL = YES;
				CLANG_ANALYZER_NUMBER_OBJECT_CONVERSION = YES_AGGRESSIVE;
				CLANG_CXX_LANGUAGE_STANDARD = "gnu++14";
				CLANG_CXX_LIBRARY = "libc++";
				CLANG_ENABLE_MODULES = YES;
				CLANG_ENABLE_OBJC_ARC = YES;
				CLANG_ENABLE_OBJC_WEAK = YES;
				CLANG_WARN_BLOCK_CAPTURE_AUTORELEASING = YES;
				CLANG_WARN_BOOL_CONVERSION = YES;
				CLANG_WARN_COMMA = YES;
				CLANG_WARN_CONSTANT_CONVERSION = YES;
				CLANG_WARN_DEPRECATED_OBJC_IMPLEMENTATIONS = YES;
				CLANG_WARN_DIRECT_OBJC_ISA_USAGE = YES_ERROR;
				CLANG_WARN_DOCUMENTATION_COMMENTS = YES;
				CLANG_WARN_EMPTY_BODY = YES;
				CLANG_WARN_ENUM_CONVERSION = YES;
				CLANG_WARN_INFINITE_RECURSION = YES;
				CLANG_WARN_INT_CONVERSION = YES;
				CLANG_WARN_NON_LITERAL_NULL_CONVERSION = YES;
				CLANG_WARN_OBJC_IMPLICIT_RETAIN_SELF = YES;
				CLANG_WARN_OBJC_LITERAL_CONVERSION = YES;
				CLANG_WARN_OBJC_ROOT_CLASS = YES_ERROR;
				CLANG_WARN_RANGE_LOOP_ANALYSIS = YES;
				CLANG_WARN_STRICT_PROTOTYPES = YES;
				CLANG_WARN_SUSPICIOUS_MOVE = YES;
				CLANG_WARN_UNGUARDED_AVAILABILITY = YES_AGGRESSIVE;
				CLANG_WARN_UNREACHABLE_CODE = YES;
				CLANG_WARN__DUPLICATE_METHOD_MATCH = YES;
				COPY_PHASE_STRIP = NO;
				DEBUG_INFORMATION_FORMAT = "dwarf-with-dsym";
				ENABLE_NS_ASSERTIONS = NO;
				ENABLE_STRICT_OBJC_MSGSEND = YES;
				GCC_C_LANGUAGE_STANDARD = gnu11;
				GCC_NO_COMMON_BLOCKS = YES;
				GCC_WARN_64_TO_32_BIT_CONVERSION = YES;
				GCC_WARN_ABOUT_RETURN_TYPE = YES_ERROR;
				GCC_WARN_UNDECLARED_SELECTOR = YES;
				GCC_WARN_UNINITIALIZED_AUTOS = YES_AGGRESSIVE;
				GCC_WARN_UNUSED_FUNCTION = YES;
				GCC_WARN_UNUSED_VARIABLE = YES;
				IPHONEOS_DEPLOYMENT_TARGET = 12.0;
				MTL_ENABLE_DEBUG_INFO = NO;
				MTL_FAST_MATH = YES;
				SDKROOT = iphoneos;
				SWIFT_COMPILATION_MODE = wholemodule;
				SWIFT_OPTIMIZATION_LEVEL = "-O";
				VALIDATE_PRODUCT = YES;
			};
			name = Release;
		};
		23BED29D2555FC520072AC38 /* Debug */ = {
			isa = XCBuildConfiguration;
			buildSettings = {
				ASSETCATALOG_COMPILER_APPICON_NAME = AppIcon;
				CODE_SIGN_STYLE = Automatic;
				DEVELOPMENT_TEAM = 49X2HPMU69;
				INFOPLIST_FILE = AviaTales/Info.plist;
				IPHONEOS_DEPLOYMENT_TARGET = 12.0;
				LD_RUNPATH_SEARCH_PATHS = (
					"$(inherited)",
					"@executable_path/Frameworks",
				);
				PRODUCT_BUNDLE_IDENTIFIER = "-w1.AviaTales";
				PRODUCT_NAME = "$(TARGET_NAME)";
				SWIFT_VERSION = 5.0;
				TARGETED_DEVICE_FAMILY = "1,2";
			};
			name = Debug;
		};
		23BED29E2555FC520072AC38 /* Release */ = {
			isa = XCBuildConfiguration;
			buildSettings = {
				ASSETCATALOG_COMPILER_APPICON_NAME = AppIcon;
				CODE_SIGN_STYLE = Automatic;
				DEVELOPMENT_TEAM = 49X2HPMU69;
				INFOPLIST_FILE = AviaTales/Info.plist;
				IPHONEOS_DEPLOYMENT_TARGET = 12.0;
				LD_RUNPATH_SEARCH_PATHS = (
					"$(inherited)",
					"@executable_path/Frameworks",
				);
				PRODUCT_BUNDLE_IDENTIFIER = "-w1.AviaTales";
				PRODUCT_NAME = "$(TARGET_NAME)";
				SWIFT_VERSION = 5.0;
				TARGETED_DEVICE_FAMILY = "1,2";
			};
			name = Release;
		};
		23BED2A02555FC520072AC38 /* Debug */ = {
			isa = XCBuildConfiguration;
			buildSettings = {
				ALWAYS_EMBED_SWIFT_STANDARD_LIBRARIES = YES;
				BUNDLE_LOADER = "$(TEST_HOST)";
				CODE_SIGN_STYLE = Automatic;
				DEVELOPMENT_TEAM = 49X2HPMU69;
				INFOPLIST_FILE = AviaTalesTests/Info.plist;
				IPHONEOS_DEPLOYMENT_TARGET = 13.4;
				LD_RUNPATH_SEARCH_PATHS = (
					"$(inherited)",
					"@executable_path/Frameworks",
					"@loader_path/Frameworks",
				);
				PRODUCT_BUNDLE_IDENTIFIER = "-w1.AviaTalesTests";
				PRODUCT_NAME = "$(TARGET_NAME)";
				SWIFT_VERSION = 5.0;
				TARGETED_DEVICE_FAMILY = "1,2";
				TEST_HOST = "$(BUILT_PRODUCTS_DIR)/AviaTales.app/AviaTales";
			};
			name = Debug;
		};
		23BED2A12555FC520072AC38 /* Release */ = {
			isa = XCBuildConfiguration;
			buildSettings = {
				ALWAYS_EMBED_SWIFT_STANDARD_LIBRARIES = YES;
				BUNDLE_LOADER = "$(TEST_HOST)";
				CODE_SIGN_STYLE = Automatic;
				DEVELOPMENT_TEAM = 49X2HPMU69;
				INFOPLIST_FILE = AviaTalesTests/Info.plist;
				IPHONEOS_DEPLOYMENT_TARGET = 13.4;
				LD_RUNPATH_SEARCH_PATHS = (
					"$(inherited)",
					"@executable_path/Frameworks",
					"@loader_path/Frameworks",
				);
				PRODUCT_BUNDLE_IDENTIFIER = "-w1.AviaTalesTests";
				PRODUCT_NAME = "$(TARGET_NAME)";
				SWIFT_VERSION = 5.0;
				TARGETED_DEVICE_FAMILY = "1,2";
				TEST_HOST = "$(BUILT_PRODUCTS_DIR)/AviaTales.app/AviaTales";
			};
			name = Release;
		};
/* End XCBuildConfiguration section */

/* Begin XCConfigurationList section */
		23BED2782555FC4D0072AC38 /* Build configuration list for PBXProject "AviaTales" */ = {
			isa = XCConfigurationList;
			buildConfigurations = (
				23BED29A2555FC520072AC38 /* Debug */,
				23BED29B2555FC520072AC38 /* Release */,
			);
			defaultConfigurationIsVisible = 0;
			defaultConfigurationName = Release;
		};
		23BED29C2555FC520072AC38 /* Build configuration list for PBXNativeTarget "AviaTales" */ = {
			isa = XCConfigurationList;
			buildConfigurations = (
				23BED29D2555FC520072AC38 /* Debug */,
				23BED29E2555FC520072AC38 /* Release */,
			);
			defaultConfigurationIsVisible = 0;
			defaultConfigurationName = Release;
		};
		23BED29F2555FC520072AC38 /* Build configuration list for PBXNativeTarget "AviaTalesTests" */ = {
			isa = XCConfigurationList;
			buildConfigurations = (
				23BED2A02555FC520072AC38 /* Debug */,
				23BED2A12555FC520072AC38 /* Release */,
			);
			defaultConfigurationIsVisible = 0;
			defaultConfigurationName = Release;
		};
/* End XCConfigurationList section */
	};
	rootObject = 23BED2752555FC4D0072AC38 /* Project object */;
}
